
Microsoft Visual Studio Solution File, Format Version 12.00
# Visual Studio Version 17
VisualStudioVersion = 17.11.35303.130
MinimumVisualStudioVersion = 10.0.40219.1
Project("{8BC9CEB8-8B4A-11D0-8D11-00A0C91BC942}") = "Creator", "Creator\Creator.vcxproj", "{9DD45CB9-7FB2-4FEA-A4F3-7BCEF257B812}"
EndProject
Project("{8BC9CEB8-8B4A-11D0-8D11-00A0C91BC942}") = "Employee", "Employee\Employee.vcxproj", "{F64F88EC-BECA-4236-AB8F-7170DABC763E}"
EndProject
Project("{8BC9CEB8-8B4A-11D0-8D11-00A0C91BC942}") = "Reporter", "Reporter\Reporter.vcxproj", "{3CE61191-A6CA-4CD9-8845-EDE3B5DB8157}"
EndProject
Project("{8BC9CEB8-8B4A-11D0-8D11-00A0C91BC942}") = "Main", "Main\Main.vcxproj", "{81CDD91F-20FC-42C7-BDF0-01B1C1E97951}"
EndProject
Global
	GlobalSection(SolutionConfigurationPlatforms) = preSolution
		Debug|x64 = Debug|x64
		Debug|x86 = Debug|x86
		Release|x64 = Release|x64
		Release|x86 = Release|x86
	EndGlobalSection
	GlobalSection(ProjectConfigurationPlatforms) = postSolution
		{9DD45CB9-7FB2-4FEA-A4F3-7BCEF257B812}.Debug|x64.ActiveCfg = Debug|x64
		{9DD45CB9-7FB2-4FEA-A4F3-7BCEF257B812}.Debug|x64.Build.0 = Debug|x64
		{9DD45CB9-7FB2-4FEA-A4F3-7BCEF257B812}.Debug|x86.ActiveCfg = Debug|Win32
		{9DD45CB9-7FB2-4FEA-A4F3-7BCEF257B812}.Debug|x86.Build.0 = Debug|Win32
		{9DD45CB9-7FB2-4FEA-A4F3-7BCEF257B812}.Release|x64.ActiveCfg = Release|x64
		{9DD45CB9-7FB2-4FEA-A4F3-7BCEF257B812}.Release|x64.Build.0 = Release|x64
		{9DD45CB9-7FB2-4FEA-A4F3-7BCEF257B812}.Release|x86.ActiveCfg = Release|Win32
		{9DD45CB9-7FB2-4FEA-A4F3-7BCEF257B812}.Release|x86.Build.0 = Release|Win32
		{F64F88EC-BECA-4236-AB8F-7170DABC763E}.Debug|x64.ActiveCfg = Debug|x64
		{F64F88EC-BECA-4236-AB8F-7170DABC763E}.Debug|x64.Build.0 = Debug|x64
		{F64F88EC-BECA-4236-AB8F-7170DABC763E}.Debug|x86.ActiveCfg = Debug|Win32
		{F64F88EC-BECA-4236-AB8F-7170DABC763E}.Debug|x86.Build.0 = Debug|Win32
		{F64F88EC-BECA-4236-AB8F-7170DABC763E}.Release|x64.ActiveCfg = Release|x64
		{F64F88EC-BECA-4236-AB8F-7170DABC763E}.Release|x64.Build.0 = Release|x64
		{F64F88EC-BECA-4236-AB8F-7170DABC763E}.Release|x86.ActiveCfg = Release|Win32
		{F64F88EC-BECA-4236-AB8F-7170DABC763E}.Release|x86.Build.0 = Release|Win32
		{3CE61191-A6CA-4CD9-8845-EDE3B5DB8157}.Debug|x64.ActiveCfg = Debug|x64
		{3CE61191-A6CA-4CD9-8845-EDE3B5DB8157}.Debug|x64.Build.0 = Debug|x64
		{3CE61191-A6CA-4CD9-8845-EDE3B5DB8157}.Debug|x86.ActiveCfg = Debug|Win32
		{3CE61191-A6CA-4CD9-8845-EDE3B5DB8157}.Debug|x86.Build.0 = Debug|Win32
		{3CE61191-A6CA-4CD9-8845-EDE3B5DB8157}.Release|x64.ActiveCfg = Release|x64
		{3CE61191-A6CA-4CD9-8845-EDE3B5DB8157}.Release|x64.Build.0 = Release|x64
		{3CE61191-A6CA-4CD9-8845-EDE3B5DB8157}.Release|x86.ActiveCfg = Release|Win32
		{3CE61191-A6CA-4CD9-8845-EDE3B5DB8157}.Release|x86.Build.0 = Release|Win32
		{81CDD91F-20FC-42C7-BDF0-01B1C1E97951}.Debug|x64.ActiveCfg = Debug|x64
		{81CDD91F-20FC-42C7-BDF0-01B1C1E97951}.Debug|x64.Build.0 = Debug|x64
		{81CDD91F-20FC-42C7-BDF0-01B1C1E97951}.Debug|x86.ActiveCfg = Debug|Win32
		{81CDD91F-20FC-42C7-BDF0-01B1C1E97951}.Debug|x86.Build.0 = Debug|Win32
		{81CDD91F-20FC-42C7-BDF0-01B1C1E97951}.Release|x64.ActiveCfg = Release|x64
		{81CDD91F-20FC-42C7-BDF0-01B1C1E97951}.Release|x64.Build.0 = Release|x64
		{81CDD91F-20FC-42C7-BDF0-01B1C1E97951}.Release|x86.ActiveCfg = Release|Win32
		{81CDD91F-20FC-42C7-BDF0-01B1C1E97951}.Release|x86.Build.0 = Release|Win32
	EndGlobalSection
	GlobalSection(SolutionProperties) = preSolution
		HideSolutionNode = FALSE
	EndGlobalSection
	GlobalSection(ExtensibilityGlobals) = postSolution
		SolutionGuid = {90653E04-1E82-42AE-99CB-D9F688FF3EC9}
	EndGlobalSection
EndGlobal
